// !$*UTF8*$!
{
	archiveVersion = 1;
	classes = {
	};
	objectVersion = 48;
	objects = {

/* Begin PBXBuildFile section */
		5B8150A740A26639C522187E /* Pods_ReactiveCocoaAttempt1.framework in Frameworks */ = {isa = PBXBuildFile; fileRef = 06A2DC6FC3FD867DEAE2B48E /* Pods_ReactiveCocoaAttempt1.framework */; };
		DE02B1941FDAE50600A963BF /* Extension+String.swift in Sources */ = {isa = PBXBuildFile; fileRef = DE02B1931FDAE50600A963BF /* Extension+String.swift */; };
		DE53BF2A1FC0C0E50096B8F0 /* AppDelegate.swift in Sources */ = {isa = PBXBuildFile; fileRef = DE53BF291FC0C0E50096B8F0 /* AppDelegate.swift */; };
		DE53BF2F1FC0C0E50096B8F0 /* Main.storyboard in Resources */ = {isa = PBXBuildFile; fileRef = DE53BF2D1FC0C0E50096B8F0 /* Main.storyboard */; };
		DE53BF311FC0C0E50096B8F0 /* Assets.xcassets in Resources */ = {isa = PBXBuildFile; fileRef = DE53BF301FC0C0E50096B8F0 /* Assets.xcassets */; };
		DE53BF341FC0C0E50096B8F0 /* LaunchScreen.storyboard in Resources */ = {isa = PBXBuildFile; fileRef = DE53BF321FC0C0E50096B8F0 /* LaunchScreen.storyboard */; };
		DEA346391FD45E0000BFF8D9 /* BCCViewModel.swift in Sources */ = {isa = PBXBuildFile; fileRef = DEA346381FD45E0000BFF8D9 /* BCCViewModel.swift */; };
		DEA3463B1FD45E0D00BFF8D9 /* BCCViewController.swift in Sources */ = {isa = PBXBuildFile; fileRef = DEA3463A1FD45E0D00BFF8D9 /* BCCViewController.swift */; };
		DEA3463D1FD47CE100BFF8D9 /* BColor.swift in Sources */ = {isa = PBXBuildFile; fileRef = DEA3463C1FD47CE100BFF8D9 /* BColor.swift */; };
		DEA3465D1FD5BFF400BFF8D9 /* APIManager.swift in Sources */ = {isa = PBXBuildFile; fileRef = DEA3465C1FD5BFF400BFF8D9 /* APIManager.swift */; };
		DEA346641FD5C1B000BFF8D9 /* ColorManager.swift in Sources */ = {isa = PBXBuildFile; fileRef = DEA346631FD5C1B000BFF8D9 /* ColorManager.swift */; };
		DEA346661FD5EC6100BFF8D9 /* Extension+UIColor.swift in Sources */ = {isa = PBXBuildFile; fileRef = DEA346651FD5EC6100BFF8D9 /* Extension+UIColor.swift */; };
		DEA346681FD8745D00BFF8D9 /* FavoritesViewController.swift in Sources */ = {isa = PBXBuildFile; fileRef = DEA346671FD8745D00BFF8D9 /* FavoritesViewController.swift */; };
		DEA3466A1FD8747100BFF8D9 /* FavoritesViewModel.swift in Sources */ = {isa = PBXBuildFile; fileRef = DEA346691FD8747100BFF8D9 /* FavoritesViewModel.swift */; };
		DEA3466C1FD8803C00BFF8D9 /* FavoriteCellViewModel.swift in Sources */ = {isa = PBXBuildFile; fileRef = DEA3466B1FD8803C00BFF8D9 /* FavoriteCellViewModel.swift */; };
		DEA3466E1FD892F400BFF8D9 /* FavoriteTableViewCell.swift in Sources */ = {isa = PBXBuildFile; fileRef = DEA3466D1FD892F400BFF8D9 /* FavoriteTableViewCell.swift */; };
		DEA346721FD9A2C800BFF8D9 /* FormViewController.swift in Sources */ = {isa = PBXBuildFile; fileRef = DEA346711FD9A2C800BFF8D9 /* FormViewController.swift */; };
		DEA346751FD9A4EE00BFF8D9 /* FormViewModel.swift in Sources */ = {isa = PBXBuildFile; fileRef = DEA346741FD9A4EE00BFF8D9 /* FormViewModel.swift */; };
/* End PBXBuildFile section */

/* Begin PBXFileReference section */
		06A2DC6FC3FD867DEAE2B48E /* Pods_ReactiveCocoaAttempt1.framework */ = {isa = PBXFileReference; explicitFileType = wrapper.framework; includeInIndex = 0; path = Pods_ReactiveCocoaAttempt1.framework; sourceTree = BUILT_PRODUCTS_DIR; };
		3F30EB3D9161AC6B256F018C /* Pods-ReactiveCocoaAttempt1.release.xcconfig */ = {isa = PBXFileReference; includeInIndex = 1; lastKnownFileType = text.xcconfig; name = "Pods-ReactiveCocoaAttempt1.release.xcconfig"; path = "Pods/Target Support Files/Pods-ReactiveCocoaAttempt1/Pods-ReactiveCocoaAttempt1.release.xcconfig"; sourceTree = "<group>"; };
		5AEF46501C3B8C72C859C28A /* Pods-ReactiveCocoaAttempt1.debug.xcconfig */ = {isa = PBXFileReference; includeInIndex = 1; lastKnownFileType = text.xcconfig; name = "Pods-ReactiveCocoaAttempt1.debug.xcconfig"; path = "Pods/Target Support Files/Pods-ReactiveCocoaAttempt1/Pods-ReactiveCocoaAttempt1.debug.xcconfig"; sourceTree = "<group>"; };
		DE02B1931FDAE50600A963BF /* Extension+String.swift */ = {isa = PBXFileReference; lastKnownFileType = sourcecode.swift; path = "Extension+String.swift"; sourceTree = "<group>"; };
		DE53BF261FC0C0E50096B8F0 /* ReactiveCocoaAttempt1.app */ = {isa = PBXFileReference; explicitFileType = wrapper.application; includeInIndex = 0; path = ReactiveCocoaAttempt1.app; sourceTree = BUILT_PRODUCTS_DIR; };
		DE53BF291FC0C0E50096B8F0 /* AppDelegate.swift */ = {isa = PBXFileReference; lastKnownFileType = sourcecode.swift; path = AppDelegate.swift; sourceTree = "<group>"; };
		DE53BF2E1FC0C0E50096B8F0 /* Base */ = {isa = PBXFileReference; lastKnownFileType = file.storyboard; name = Base; path = Base.lproj/Main.storyboard; sourceTree = "<group>"; };
		DE53BF301FC0C0E50096B8F0 /* Assets.xcassets */ = {isa = PBXFileReference; lastKnownFileType = folder.assetcatalog; path = Assets.xcassets; sourceTree = "<group>"; };
		DE53BF331FC0C0E50096B8F0 /* Base */ = {isa = PBXFileReference; lastKnownFileType = file.storyboard; name = Base; path = Base.lproj/LaunchScreen.storyboard; sourceTree = "<group>"; };
		DE53BF351FC0C0E50096B8F0 /* Info.plist */ = {isa = PBXFileReference; lastKnownFileType = text.plist.xml; path = Info.plist; sourceTree = "<group>"; };
		DEA346381FD45E0000BFF8D9 /* BCCViewModel.swift */ = {isa = PBXFileReference; lastKnownFileType = sourcecode.swift; path = BCCViewModel.swift; sourceTree = "<group>"; };
		DEA3463A1FD45E0D00BFF8D9 /* BCCViewController.swift */ = {isa = PBXFileReference; lastKnownFileType = sourcecode.swift; path = BCCViewController.swift; sourceTree = "<group>"; };
		DEA3463C1FD47CE100BFF8D9 /* BColor.swift */ = {isa = PBXFileReference; lastKnownFileType = sourcecode.swift; path = BColor.swift; sourceTree = "<group>"; };
		DEA3465C1FD5BFF400BFF8D9 /* APIManager.swift */ = {isa = PBXFileReference; lastKnownFileType = sourcecode.swift; path = APIManager.swift; sourceTree = "<group>"; };
		DEA346631FD5C1B000BFF8D9 /* ColorManager.swift */ = {isa = PBXFileReference; lastKnownFileType = sourcecode.swift; path = ColorManager.swift; sourceTree = "<group>"; };
		DEA346651FD5EC6100BFF8D9 /* Extension+UIColor.swift */ = {isa = PBXFileReference; lastKnownFileType = sourcecode.swift; path = "Extension+UIColor.swift"; sourceTree = "<group>"; };
		DEA346671FD8745D00BFF8D9 /* FavoritesViewController.swift */ = {isa = PBXFileReference; lastKnownFileType = sourcecode.swift; path = FavoritesViewController.swift; sourceTree = "<group>"; };
		DEA346691FD8747100BFF8D9 /* FavoritesViewModel.swift */ = {isa = PBXFileReference; lastKnownFileType = sourcecode.swift; path = FavoritesViewModel.swift; sourceTree = "<group>"; };
		DEA3466B1FD8803C00BFF8D9 /* FavoriteCellViewModel.swift */ = {isa = PBXFileReference; lastKnownFileType = sourcecode.swift; path = FavoriteCellViewModel.swift; sourceTree = "<group>"; };
		DEA3466D1FD892F400BFF8D9 /* FavoriteTableViewCell.swift */ = {isa = PBXFileReference; lastKnownFileType = sourcecode.swift; path = FavoriteTableViewCell.swift; sourceTree = "<group>"; };
		DEA346711FD9A2C800BFF8D9 /* FormViewController.swift */ = {isa = PBXFileReference; lastKnownFileType = sourcecode.swift; path = FormViewController.swift; sourceTree = "<group>"; };
		DEA346741FD9A4EE00BFF8D9 /* FormViewModel.swift */ = {isa = PBXFileReference; lastKnownFileType = sourcecode.swift; path = FormViewModel.swift; sourceTree = "<group>"; };
/* End PBXFileReference section */

/* Begin PBXFrameworksBuildPhase section */
		DE53BF231FC0C0E50096B8F0 /* Frameworks */ = {
			isa = PBXFrameworksBuildPhase;
			buildActionMask = 2147483647;
			files = (
				5B8150A740A26639C522187E /* Pods_ReactiveCocoaAttempt1.framework in Frameworks */,
			);
			runOnlyForDeploymentPostprocessing = 0;
		};
/* End PBXFrameworksBuildPhase section */

/* Begin PBXGroup section */
		28C6F1B0CED43DB068DB414B /* Frameworks */ = {
			isa = PBXGroup;
			children = (
				06A2DC6FC3FD867DEAE2B48E /* Pods_ReactiveCocoaAttempt1.framework */,
			);
			name = Frameworks;
			sourceTree = "<group>";
		};
		4399C4D62C3D60320CD8B667 /* Pods */ = {
			isa = PBXGroup;
			children = (
				5AEF46501C3B8C72C859C28A /* Pods-ReactiveCocoaAttempt1.debug.xcconfig */,
				3F30EB3D9161AC6B256F018C /* Pods-ReactiveCocoaAttempt1.release.xcconfig */,
			);
			name = Pods;
			sourceTree = "<group>";
		};
		DE53BF1D1FC0C0E50096B8F0 = {
			isa = PBXGroup;
			children = (
				DE53BF281FC0C0E50096B8F0 /* ReactiveCocoaAttempt1 */,
				DE53BF271FC0C0E50096B8F0 /* Products */,
				4399C4D62C3D60320CD8B667 /* Pods */,
				28C6F1B0CED43DB068DB414B /* Frameworks */,
			);
			sourceTree = "<group>";
		};
		DE53BF271FC0C0E50096B8F0 /* Products */ = {
			isa = PBXGroup;
			children = (
				DE53BF261FC0C0E50096B8F0 /* ReactiveCocoaAttempt1.app */,
			);
			name = Products;
			sourceTree = "<group>";
		};
		DE53BF281FC0C0E50096B8F0 /* ReactiveCocoaAttempt1 */ = {
			isa = PBXGroup;
			children = (
				DEA346601FD5C0EA00BFF8D9 /* Model */,
				DEA346611FD5C17100BFF8D9 /* View Controllers */,
				DEA346621FD5C18200BFF8D9 /* Managers */,
				DECF76BE1FDAFCC400D54DF9 /* Extensions */,
				DECF76BF1FDAFCDB00D54DF9 /* Supporting Files */,
			);
			path = ReactiveCocoaAttempt1;
			sourceTree = "<group>";
		};
		DEA346601FD5C0EA00BFF8D9 /* Model */ = {
			isa = PBXGroup;
			children = (
				DEA3463C1FD47CE100BFF8D9 /* BColor.swift */,
			);
			path = Model;
			sourceTree = "<group>";
		};
		DEA346611FD5C17100BFF8D9 /* View Controllers */ = {
			isa = PBXGroup;
			children = (
				DEA3466F1FD9A29B00BFF8D9 /* Colors */,
				DEA346701FD9A2A900BFF8D9 /* Favorites */,
				DEA346731FD9A4D200BFF8D9 /* Form */,
			);
			path = "View Controllers";
			sourceTree = "<group>";
		};
		DEA346621FD5C18200BFF8D9 /* Managers */ = {
			isa = PBXGroup;
			children = (
				DEA3465C1FD5BFF400BFF8D9 /* APIManager.swift */,
				DEA346631FD5C1B000BFF8D9 /* ColorManager.swift */,
			);
			path = Managers;
			sourceTree = "<group>";
		};
		DEA3466F1FD9A29B00BFF8D9 /* Colors */ = {
			isa = PBXGroup;
			children = (
				DEA346381FD45E0000BFF8D9 /* BCCViewModel.swift */,
				DEA3463A1FD45E0D00BFF8D9 /* BCCViewController.swift */,
			);
			path = Colors;
			sourceTree = "<group>";
		};
		DEA346701FD9A2A900BFF8D9 /* Favorites */ = {
			isa = PBXGroup;
			children = (
				DEA346671FD8745D00BFF8D9 /* FavoritesViewController.swift */,
				DEA346691FD8747100BFF8D9 /* FavoritesViewModel.swift */,
				DEA3466B1FD8803C00BFF8D9 /* FavoriteCellViewModel.swift */,
				DEA3466D1FD892F400BFF8D9 /* FavoriteTableViewCell.swift */,
			);
			path = Favorites;
			sourceTree = "<group>";
		};
		DEA346731FD9A4D200BFF8D9 /* Form */ = {
			isa = PBXGroup;
			children = (
				DEA346711FD9A2C800BFF8D9 /* FormViewController.swift */,
				DEA346741FD9A4EE00BFF8D9 /* FormViewModel.swift */,
			);
			path = Form;
			sourceTree = "<group>";
		};
		DECF76BE1FDAFCC400D54DF9 /* Extensions */ = {
			isa = PBXGroup;
			children = (
				DEA346651FD5EC6100BFF8D9 /* Extension+UIColor.swift */,
				DE02B1931FDAE50600A963BF /* Extension+String.swift */,
			);
			path = Extensions;
			sourceTree = "<group>";
		};
		DECF76BF1FDAFCDB00D54DF9 /* Supporting Files */ = {
			isa = PBXGroup;
			children = (
				DE53BF291FC0C0E50096B8F0 /* AppDelegate.swift */,
				DE53BF2D1FC0C0E50096B8F0 /* Main.storyboard */,
				DE53BF301FC0C0E50096B8F0 /* Assets.xcassets */,
				DE53BF321FC0C0E50096B8F0 /* LaunchScreen.storyboard */,
				DE53BF351FC0C0E50096B8F0 /* Info.plist */,
			);
			path = "Supporting Files";
			sourceTree = "<group>";
		};
/* End PBXGroup section */

/* Begin PBXNativeTarget section */
		DE53BF251FC0C0E50096B8F0 /* ReactiveCocoaAttempt1 */ = {
			isa = PBXNativeTarget;
			buildConfigurationList = DE53BF381FC0C0E50096B8F0 /* Build configuration list for PBXNativeTarget "ReactiveCocoaAttempt1" */;
			buildPhases = (
				76DCE606A3FAA2C2B5705EAD /* [CP] Check Pods Manifest.lock */,
				DE53BF221FC0C0E50096B8F0 /* Sources */,
				DE53BF231FC0C0E50096B8F0 /* Frameworks */,
				DE53BF241FC0C0E50096B8F0 /* Resources */,
				1B1E49C3A7C4A1963FBE67D7 /* [CP] Embed Pods Frameworks */,
				7175EC448B6D83643045B980 /* [CP] Copy Pods Resources */,
			);
			buildRules = (
			);
			dependencies = (
			);
			name = ReactiveCocoaAttempt1;
			productName = ReactiveCocoaAttempt1;
			productReference = DE53BF261FC0C0E50096B8F0 /* ReactiveCocoaAttempt1.app */;
			productType = "com.apple.product-type.application";
		};
/* End PBXNativeTarget section */

/* Begin PBXProject section */
		DE53BF1E1FC0C0E50096B8F0 /* Project object */ = {
			isa = PBXProject;
			attributes = {
				LastSwiftUpdateCheck = 0900;
				LastUpgradeCheck = 0900;
				ORGANIZATIONNAME = "Tom Seymour";
				TargetAttributes = {
					DE53BF251FC0C0E50096B8F0 = {
						CreatedOnToolsVersion = 9.0.1;
						ProvisioningStyle = Automatic;
					};
				};
			};
			buildConfigurationList = DE53BF211FC0C0E50096B8F0 /* Build configuration list for PBXProject "ReactiveCocoaAttempt1" */;
			compatibilityVersion = "Xcode 8.0";
			developmentRegion = en;
			hasScannedForEncodings = 0;
			knownRegions = (
				en,
				Base,
			);
			mainGroup = DE53BF1D1FC0C0E50096B8F0;
			productRefGroup = DE53BF271FC0C0E50096B8F0 /* Products */;
			projectDirPath = "";
			projectRoot = "";
			targets = (
				DE53BF251FC0C0E50096B8F0 /* ReactiveCocoaAttempt1 */,
			);
		};
/* End PBXProject section */

/* Begin PBXResourcesBuildPhase section */
		DE53BF241FC0C0E50096B8F0 /* Resources */ = {
			isa = PBXResourcesBuildPhase;
			buildActionMask = 2147483647;
			files = (
				DE53BF341FC0C0E50096B8F0 /* LaunchScreen.storyboard in Resources */,
				DE53BF311FC0C0E50096B8F0 /* Assets.xcassets in Resources */,
				DE53BF2F1FC0C0E50096B8F0 /* Main.storyboard in Resources */,
			);
			runOnlyForDeploymentPostprocessing = 0;
		};
/* End PBXResourcesBuildPhase section */

/* Begin PBXShellScriptBuildPhase section */
		1B1E49C3A7C4A1963FBE67D7 /* [CP] Embed Pods Frameworks */ = {
			isa = PBXShellScriptBuildPhase;
			buildActionMask = 2147483647;
			files = (
			);
			inputPaths = (
				"${SRCROOT}/Pods/Target Support Files/Pods-ReactiveCocoaAttempt1/Pods-ReactiveCocoaAttempt1-frameworks.sh",
				"${BUILT_PRODUCTS_DIR}/ReactiveCocoa/ReactiveCocoa.framework",
				"${BUILT_PRODUCTS_DIR}/ReactiveSwift/ReactiveSwift.framework",
				"${BUILT_PRODUCTS_DIR}/Result/Result.framework",
				"${BUILT_PRODUCTS_DIR}/SnapKit/SnapKit.framework",
			);
			name = "[CP] Embed Pods Frameworks";
			outputPaths = (
				"${TARGET_BUILD_DIR}/${FRAMEWORKS_FOLDER_PATH}/ReactiveCocoa.framework",
				"${TARGET_BUILD_DIR}/${FRAMEWORKS_FOLDER_PATH}/ReactiveSwift.framework",
				"${TARGET_BUILD_DIR}/${FRAMEWORKS_FOLDER_PATH}/Result.framework",
				"${TARGET_BUILD_DIR}/${FRAMEWORKS_FOLDER_PATH}/SnapKit.framework",
			);
			runOnlyForDeploymentPostprocessing = 0;
			shellPath = /bin/sh;
			shellScript = "\"${SRCROOT}/Pods/Target Support Files/Pods-ReactiveCocoaAttempt1/Pods-ReactiveCocoaAttempt1-frameworks.sh\"\n";
			showEnvVarsInLog = 0;
		};
		7175EC448B6D83643045B980 /* [CP] Copy Pods Resources */ = {
			isa = PBXShellScriptBuildPhase;
			buildActionMask = 2147483647;
			files = (
			);
			inputPaths = (
			);
			name = "[CP] Copy Pods Resources";
			outputPaths = (
			);
			runOnlyForDeploymentPostprocessing = 0;
			shellPath = /bin/sh;
			shellScript = "\"${SRCROOT}/Pods/Target Support Files/Pods-ReactiveCocoaAttempt1/Pods-ReactiveCocoaAttempt1-resources.sh\"\n";
			showEnvVarsInLog = 0;
		};
		76DCE606A3FAA2C2B5705EAD /* [CP] Check Pods Manifest.lock */ = {
			isa = PBXShellScriptBuildPhase;
			buildActionMask = 2147483647;
			files = (
			);
			inputPaths = (
				"${PODS_PODFILE_DIR_PATH}/Podfile.lock",
				"${PODS_ROOT}/Manifest.lock",
			);
			name = "[CP] Check Pods Manifest.lock";
			outputPaths = (
				"$(DERIVED_FILE_DIR)/Pods-ReactiveCocoaAttempt1-checkManifestLockResult.txt",
			);
			runOnlyForDeploymentPostprocessing = 0;
			shellPath = /bin/sh;
			shellScript = "diff \"${PODS_PODFILE_DIR_PATH}/Podfile.lock\" \"${PODS_ROOT}/Manifest.lock\" > /dev/null\nif [ $? != 0 ] ; then\n    # print error to STDERR\n    echo \"error: The sandbox is not in sync with the Podfile.lock. Run 'pod install' or update your CocoaPods installation.\" >&2\n    exit 1\nfi\n# This output is used by Xcode 'outputs' to avoid re-running this script phase.\necho \"SUCCESS\" > \"${SCRIPT_OUTPUT_FILE_0}\"\n";
			showEnvVarsInLog = 0;
		};
/* End PBXShellScriptBuildPhase section */

/* Begin PBXSourcesBuildPhase section */
		DE53BF221FC0C0E50096B8F0 /* Sources */ = {
			isa = PBXSourcesBuildPhase;
			buildActionMask = 2147483647;
			files = (
				DEA3466A1FD8747100BFF8D9 /* FavoritesViewModel.swift in Sources */,
				DEA3466E1FD892F400BFF8D9 /* FavoriteTableViewCell.swift in Sources */,
				DEA346641FD5C1B000BFF8D9 /* ColorManager.swift in Sources */,
				DEA3466C1FD8803C00BFF8D9 /* FavoriteCellViewModel.swift in Sources */,
				DEA346751FD9A4EE00BFF8D9 /* FormViewModel.swift in Sources */,
				DE02B1941FDAE50600A963BF /* Extension+String.swift in Sources */,
				DEA346681FD8745D00BFF8D9 /* FavoritesViewController.swift in Sources */,
				DEA3463D1FD47CE100BFF8D9 /* BColor.swift in Sources */,
				DE53BF2A1FC0C0E50096B8F0 /* AppDelegate.swift in Sources */,
				DEA3465D1FD5BFF400BFF8D9 /* APIManager.swift in Sources */,
				DEA346391FD45E0000BFF8D9 /* BCCViewModel.swift in Sources */,
				DEA3463B1FD45E0D00BFF8D9 /* BCCViewController.swift in Sources */,
				DEA346661FD5EC6100BFF8D9 /* Extension+UIColor.swift in Sources */,
				DEA346721FD9A2C800BFF8D9 /* FormViewController.swift in Sources */,
			);
			runOnlyForDeploymentPostprocessing = 0;
		};
/* End PBXSourcesBuildPhase section */

/* Begin PBXVariantGroup section */
		DE53BF2D1FC0C0E50096B8F0 /* Main.storyboard */ = {
			isa = PBXVariantGroup;
			children = (
				DE53BF2E1FC0C0E50096B8F0 /* Base */,
			);
			name = Main.storyboard;
			sourceTree = "<group>";
		};
		DE53BF321FC0C0E50096B8F0 /* LaunchScreen.storyboard */ = {
			isa = PBXVariantGroup;
			children = (
				DE53BF331FC0C0E50096B8F0 /* Base */,
			);
			name = LaunchScreen.storyboard;
			sourceTree = "<group>";
		};
/* End PBXVariantGroup section */

/* Begin XCBuildConfiguration section */
		DE53BF361FC0C0E50096B8F0 /* Debug */ = {
			isa = XCBuildConfiguration;
			buildSettings = {
				ALWAYS_SEARCH_USER_PATHS = NO;
				CLANG_ANALYZER_NONNULL = YES;
				CLANG_ANALYZER_NUMBER_OBJECT_CONVERSION = YES_AGGRESSIVE;
				CLANG_CXX_LANGUAGE_STANDARD = "gnu++14";
				CLANG_CXX_LIBRARY = "libc++";
				CLANG_ENABLE_MODULES = YES;
				CLANG_ENABLE_OBJC_ARC = YES;
				CLANG_WARN_BLOCK_CAPTURE_AUTORELEASING = YES;
				CLANG_WARN_BOOL_CONVERSION = YES;
				CLANG_WARN_COMMA = YES;
				CLANG_WARN_CONSTANT_CONVERSION = YES;
				CLANG_WARN_DIRECT_OBJC_ISA_USAGE = YES_ERROR;
				CLANG_WARN_DOCUMENTATION_COMMENTS = YES;
				CLANG_WARN_EMPTY_BODY = YES;
				CLANG_WARN_ENUM_CONVERSION = YES;
				CLANG_WARN_INFINITE_RECURSION = YES;
				CLANG_WARN_INT_CONVERSION = YES;
				CLANG_WARN_NON_LITERAL_NULL_CONVERSION = YES;
				CLANG_WARN_OBJC_LITERAL_CONVERSION = YES;
				CLANG_WARN_OBJC_ROOT_CLASS = YES_ERROR;
				CLANG_WARN_RANGE_LOOP_ANALYSIS = YES;
				CLANG_WARN_STRICT_PROTOTYPES = YES;
				CLANG_WARN_SUSPICIOUS_MOVE = YES;
				CLANG_WARN_UNGUARDED_AVAILABILITY = YES_AGGRESSIVE;
				CLANG_WARN_UNREACHABLE_CODE = YES;
				CLANG_WARN__DUPLICATE_METHOD_MATCH = YES;
				CODE_SIGN_IDENTITY = "iPhone Developer";
				COPY_PHASE_STRIP = NO;
				DEBUG_INFORMATION_FORMAT = dwarf;
				ENABLE_STRICT_OBJC_MSGSEND = YES;
				ENABLE_TESTABILITY = YES;
				GCC_C_LANGUAGE_STANDARD = gnu11;
				GCC_DYNAMIC_NO_PIC = NO;
				GCC_NO_COMMON_BLOCKS = YES;
				GCC_OPTIMIZATION_LEVEL = 0;
				GCC_PREPROCESSOR_DEFINITIONS = (
					"DEBUG=1",
					"$(inherited)",
				);
				GCC_WARN_64_TO_32_BIT_CONVERSION = YES;
				GCC_WARN_ABOUT_RETURN_TYPE = YES_ERROR;
				GCC_WARN_UNDECLARED_SELECTOR = YES;
				GCC_WARN_UNINITIALIZED_AUTOS = YES_AGGRESSIVE;
				GCC_WARN_UNUSED_FUNCTION = YES;
				GCC_WARN_UNUSED_VARIABLE = YES;
				IPHONEOS_DEPLOYMENT_TARGET = 11.0;
				MTL_ENABLE_DEBUG_INFO = YES;
				ONLY_ACTIVE_ARCH = YES;
				SDKROOT = iphoneos;
				SWIFT_ACTIVE_COMPILATION_CONDITIONS = DEBUG;
				SWIFT_OPTIMIZATION_LEVEL = "-Onone";
			};
			name = Debug;
		};
		DE53BF371FC0C0E50096B8F0 /* Release */ = {
			isa = XCBuildConfiguration;
			buildSettings = {
				ALWAYS_SEARCH_USER_PATHS = NO;
				CLANG_ANALYZER_NONNULL = YES;
				CLANG_ANALYZER_NUMBER_OBJECT_CONVERSION = YES_AGGRESSIVE;
				CLANG_CXX_LANGUAGE_STANDARD = "gnu++14";
				CLANG_CXX_LIBRARY = "libc++";
				CLANG_ENABLE_MODULES = YES;
				CLANG_ENABLE_OBJC_ARC = YES;
				CLANG_WARN_BLOCK_CAPTURE_AUTORELEASING = YES;
				CLANG_WARN_BOOL_CONVERSION = YES;
				CLANG_WARN_COMMA = YES;
				CLANG_WARN_CONSTANT_CONVERSION = YES;
				CLANG_WARN_DIRECT_OBJC_ISA_USAGE = YES_ERROR;
				CLANG_WARN_DOCUMENTATION_COMMENTS = YES;
				CLANG_WARN_EMPTY_BODY = YES;
				CLANG_WARN_ENUM_CONVERSION = YES;
				CLANG_WARN_INFINITE_RECURSION = YES;
				CLANG_WARN_INT_CONVERSION = YES;
				CLANG_WARN_NON_LITERAL_NULL_CONVERSION = YES;
				CLANG_WARN_OBJC_LITERAL_CONVERSION = YES;
				CLANG_WARN_OBJC_ROOT_CLASS = YES_ERROR;
				CLANG_WARN_RANGE_LOOP_ANALYSIS = YES;
				CLANG_WARN_STRICT_PROTOTYPES = YES;
				CLANG_WARN_SUSPICIOUS_MOVE = YES;
				CLANG_WARN_UNGUARDED_AVAILABILITY = YES_AGGRESSIVE;
				CLANG_WARN_UNREACHABLE_CODE = YES;
				CLANG_WARN__DUPLICATE_METHOD_MATCH = YES;
				CODE_SIGN_IDENTITY = "iPhone Developer";
				COPY_PHASE_STRIP = NO;
				DEBUG_INFORMATION_FORMAT = "dwarf-with-dsym";
				ENABLE_NS_ASSERTIONS = NO;
				ENABLE_STRICT_OBJC_MSGSEND = YES;
				GCC_C_LANGUAGE_STANDARD = gnu11;
				GCC_NO_COMMON_BLOCKS = YES;
				GCC_WARN_64_TO_32_BIT_CONVERSION = YES;
				GCC_WARN_ABOUT_RETURN_TYPE = YES_ERROR;
				GCC_WARN_UNDECLARED_SELECTOR = YES;
				GCC_WARN_UNINITIALIZED_AUTOS = YES_AGGRESSIVE;
				GCC_WARN_UNUSED_FUNCTION = YES;
				GCC_WARN_UNUSED_VARIABLE = YES;
				IPHONEOS_DEPLOYMENT_TARGET = 11.0;
				MTL_ENABLE_DEBUG_INFO = NO;
				SDKROOT = iphoneos;
				SWIFT_OPTIMIZATION_LEVEL = "-Owholemodule";
				VALIDATE_PRODUCT = YES;
			};
			name = Release;
		};
		DE53BF391FC0C0E50096B8F0 /* Debug */ = {
			isa = XCBuildConfiguration;
			baseConfigurationReference = 5AEF46501C3B8C72C859C28A /* Pods-ReactiveCocoaAttempt1.debug.xcconfig */;
			buildSettings = {
				ASSETCATALOG_COMPILER_APPICON_NAME = AppIcon;
				CODE_SIGN_STYLE = Automatic;
				DEVELOPMENT_TEAM = P7Y3CKA76T;
				INFOPLIST_FILE = "$(SRCROOT)/ReactiveCocoaAttempt1/Supporting Files/Info.plist";
				LD_RUNPATH_SEARCH_PATHS = "$(inherited) @executable_path/Frameworks";
				PRODUCT_BUNDLE_IDENTIFIER = "Tom-Seymour.ReactiveCocoaAttempt1";
				PRODUCT_NAME = "$(TARGET_NAME)";
				SWIFT_VERSION = 4.0;
				TARGETED_DEVICE_FAMILY = "1,2";
			};
			name = Debug;
		};
		DE53BF3A1FC0C0E50096B8F0 /* Release */ = {
			isa = XCBuildConfiguration;
			baseConfigurationReference = 3F30EB3D9161AC6B256F018C /* Pods-ReactiveCocoaAttempt1.release.xcconfig */;
			buildSettings = {
				ASSETCATALOG_COMPILER_APPICON_NAME = AppIcon;
				CODE_SIGN_STYLE = Automatic;
				DEVELOPMENT_TEAM = P7Y3CKA76T;
				INFOPLIST_FILE = "$(SRCROOT)/ReactiveCocoaAttempt1/Supporting Files/Info.plist";
				LD_RUNPATH_SEARCH_PATHS = "$(inherited) @executable_path/Frameworks";
				PRODUCT_BUNDLE_IDENTIFIER = "Tom-Seymour.ReactiveCocoaAttempt1";
				PRODUCT_NAME = "$(TARGET_NAME)";
				SWIFT_VERSION = 4.0;
				TARGETED_DEVICE_FAMILY = "1,2";
			};
			name = Release;
		};
/* End XCBuildConfiguration section */

/* Begin XCConfigurationList section */
		DE53BF211FC0C0E50096B8F0 /* Build configuration list for PBXProject "ReactiveCocoaAttempt1" */ = {
			isa = XCConfigurationList;
			buildConfigurations = (
				DE53BF361FC0C0E50096B8F0 /* Debug */,
				DE53BF371FC0C0E50096B8F0 /* Release */,
			);
			defaultConfigurationIsVisible = 0;
			defaultConfigurationName = Release;
		};
		DE53BF381FC0C0E50096B8F0 /* Build configuration list for PBXNativeTarget "ReactiveCocoaAttempt1" */ = {
			isa = XCConfigurationList;
			buildConfigurations = (
				DE53BF391FC0C0E50096B8F0 /* Debug */,
				DE53BF3A1FC0C0E50096B8F0 /* Release */,
			);
			defaultConfigurationIsVisible = 0;
			defaultConfigurationName = Release;
		};
/* End XCConfigurationList section */
	};
	rootObject = DE53BF1E1FC0C0E50096B8F0 /* Project object */;
}
